<?xml version="1.0" encoding="utf-8"?>
<Project ToolsVersion="4.0" xmlns="http://schemas.microsoft.com/developer/msbuild/2003">

  <!-- Filter Definitions -->
  <ItemGroup>
    <Filter Include="Source Files">
      <UniqueIdentifier>{4FC737F1-C7A5-4376-A066-2A32D752A2FF}</UniqueIdentifier>
      <Extensions>cpp;c;cc;cxx</Extensions>
    </Filter>
    <Filter Include="Source Files\Core">
      <UniqueIdentifier>{B1E3A201-4D5F-4A8C-9E7B-1234ABCD0001}</UniqueIdentifier>
    </Filter>
    <Filter Include="Source Files\Systems">
      <UniqueIdentifier>{B1E3A201-4D5F-4A8C-9E7B-1234ABCD0002}</UniqueIdentifier>
    </Filter>
    <Filter Include="Source Files\UI">
      <UniqueIdentifier>{B1E3A201-4D5F-4A8C-9E7B-1234ABCD0003}</UniqueIdentifier>
    </Filter>
    <Filter Include="Source Files\Windows">
      <UniqueIdentifier>{B1E3A201-4D5F-4A8C-9E7B-1234ABCD0004}</UniqueIdentifier>
    </Filter>
    <Filter Include="Source Files\Data">
      <UniqueIdentifier>{B1E3A201-4D5F-4A8C-9E7B-1234ABCD0005}</UniqueIdentifier>
    </Filter>
    <Filter Include="Header Files">
      <UniqueIdentifier>{93995380-89BD-4b04-88EB-625FBE52EBFB}</UniqueIdentifier>
      <Extensions>h;hh;hpp;hxx</Extensions>
    </Filter>
    <Filter Include="Header Files\Core">
      <UniqueIdentifier>{C2E3A301-5D6F-4B9D-AE8C-2345BCDE0001}</UniqueIdentifier>
    </Filter>
    <Filter Include="Header Files\UI">
      <UniqueIdentifier>{C2E3A301-5D6F-4B9D-AE8C-2345BCDE0002}</UniqueIdentifier>
    </Filter>
    <Filter Include="Header Files\Systems">
      <UniqueIdentifier>{C2E3A301-5D6F-4B9D-AE8C-2345BCDE0003}</UniqueIdentifier>
    </Filter>
    <Filter Include="Header Files\Windows">
      <UniqueIdentifier>{C2E3A301-5D6F-4B9D-AE8C-2345BCDE0004}</UniqueIdentifier>
    </Filter>
    <Filter Include="Header Files\Data">
      <UniqueIdentifier>{C2E3A301-5D6F-4B9D-AE8C-2345BCDE0005}</UniqueIdentifier>
    </Filter>
    <Filter Include="Config">
      <UniqueIdentifier>{D3F4B401-6E7A-4CAE-BF9D-3456CDEF0001}</UniqueIdentifier>
    </Filter>
  </ItemGroup>

  <!-- Source Files -->
  <ItemGroup>
    <ClCompile Include="src\core\main.cpp">
      <Filter>Source Files\Core</Filter>
    </ClCompile>
    <ClCompile Include="src\core\game.cpp">
      <Filter>Source Files\Core</Filter>
    </ClCompile>
    <ClCompile Include="src\systems\jobs.cpp">
      <Filter>Source Files\Systems</Filter>
    </ClCompile>
    <ClCompile Include="src\systems\save.cpp">
      <Filter>Source Files\Systems</Filter>
    </ClCompile>
    <ClCompile Include="src\systems\actions.cpp">
      <Filter>Source Files\Systems</Filter>
    </ClCompile>
    <ClCompile Include="src\systems\skills.cpp">
      <Filter>Source Files\Systems</Filter>
    </ClCompile>
    <ClCompile Include="src\systems\intel.cpp">
      <Filter>Source Files\Systems</Filter>
    </ClCompile>
    <ClCompile Include="src\systems\events.cpp">
      <Filter>Source Files\Systems</Filter>
    </ClCompile>
    <ClCompile Include="src\systems\offline.cpp">
      <Filter>Source Files\Systems</Filter>
    </ClCompile>
    <ClCompile Include="src\ui\ui.cpp">
      <Filter>Source Files\UI</Filter>
    </ClCompile>
    <ClCompile Include="src\data\strings.cpp">
      <Filter>Source Files\Data</Filter>
    </ClCompile>
    <ClCompile Include="src\windows\irc_window.cpp">
      <Filter>Source Files\Windows</Filter>
    </ClCompile>
    <ClCompile Include="src\windows\boss_window.cpp">
      <Filter>Source Files\Windows</Filter>
    </ClCompile>
    <ClCompile Include="src\windows\melt_window.cpp">
      <Filter>Source Files\Windows</Filter>
    </ClCompile>
    <ClCompile Include="src\windows\jail_window.cpp">
      <Filter>Source Files\Windows</Filter>
    </ClCompile>
  </ItemGroup>

  <!-- Header Files -->
  <ItemGroup>
    <ClInclude Include="src\core\game.h">
      <Filter>Header Files\Core</Filter>
    </ClInclude>
    <ClInclude Include="src\ui\colors.h">
      <Filter>Header Files\UI</Filter>
    </ClInclude>
    <ClInclude Include="src\ui\ui.h">
      <Filter>Header Files\UI</Filter>
    </ClInclude>
    <ClInclude Include="src\data\strings.h">
      <Filter>Header Files\Data</Filter>
    </ClInclude>
    <ClInclude Include="src\systems\actions.h">
      <Filter>Header Files\Systems</Filter>
    </ClInclude>
    <ClInclude Include="src\systems\skills.h">
      <Filter>Header Files\Systems</Filter>
    </ClInclude>
    <ClInclude Include="src\systems\intel.h">
      <Filter>Header Files\Systems</Filter>
    </ClInclude>
    <ClInclude Include="src\systems\events.h">
      <Filter>Header Files\Systems</Filter>
    </ClInclude>
    <ClInclude Include="src\systems\offline.h">
      <Filter>Header Files\Systems</Filter>
    </ClInclude>
    <ClInclude Include="src\windows\irc_window.h">
      <Filter>Header Files\Windows</Filter>
    </ClInclude>
    <ClInclude Include="src\windows\boss_window.h">
      <Filter>Header Files\Windows</Filter>
    </ClInclude>
    <ClInclude Include="src\windows\melt_window.h">
      <Filter>Header Files\Windows</Filter>
    </ClInclude>
    <ClInclude Include="src\windows\jail_window.h">
      <Filter>Header Files\Windows</Filter>
    </ClInclude>
  </ItemGroup>

  <!-- Config -->
  <ItemGroup>
    <None Include=".gitignore">
      <Filter>Config</Filter>
    </None>
  </ItemGroup>

</Project>
